{
  "name": "@moondreamsdev/handle-events-with-service-workers",
  "version": "1.0.0",
  "lockfileVersion": 3,
  "requires": true,
  "packages": {
    "": {
      "name": "@moondreamsdev/handle-events-with-service-workers",
      "version": "1.0.0",
      "license": "ISC",
      "dependencies": {
        "chrome-types": "^0.1.410"
      }
    },
    "node_modules/chrome-types": {
      "version": "0.1.410",
      "resolved": "https://registry.npmjs.org/chrome-types/-/chrome-types-0.1.410.tgz",
      "integrity": "sha512-CZXTx3k4BGvieOLXUgu3xOR38CSYPHMNfS/xXsS2XIIVFfE0tOrkHagSg8PUndteTU4ZdV7rAcOVOTDgQeGafg==",
      "license": "Apache-2.0"
    }
  }
}
